
Microsoft Visual Studio Solution File, Format Version 12.00
# Visual Studio Version 17
VisualStudioVersion = 17.11.35327.3
MinimumVisualStudioVersion = 10.0.40219.1
Project("{FAE04EC0-301F-11D3-BF4B-00C04F79EFBC}") = "07_ForeachLoop", "07_ForeachLoop\07_ForeachLoop.csproj", "{81615264-845D-45E9-9AD7-AD2A10E0CD5C}"
EndProject
Project("{FAE04EC0-301F-11D3-BF4B-00C04F79EFBC}") = "08_Methods", "08_Methods\08_Methods.csproj", "{B2BF9193-C319-4FCA-AEC0-62E34E469E60}"
EndProject
Global
	GlobalSection(SolutionConfigurationPlatforms) = preSolution
		Debug|Any CPU = Debug|Any CPU
		Release|Any CPU = Release|Any CPU
	EndGlobalSection
	GlobalSection(ProjectConfigurationPlatforms) = postSolution
		{81615264-845D-45E9-9AD7-AD2A10E0CD5C}.Debug|Any CPU.ActiveCfg = Debug|Any CPU
		{81615264-845D-45E9-9AD7-AD2A10E0CD5C}.Debug|Any CPU.Build.0 = Debug|Any CPU
		{81615264-845D-45E9-9AD7-AD2A10E0CD5C}.Release|Any CPU.ActiveCfg = Release|Any CPU
		{81615264-845D-45E9-9AD7-AD2A10E0CD5C}.Release|Any CPU.Build.0 = Release|Any CPU
		{B2BF9193-C319-4FCA-AEC0-62E34E469E60}.Debug|Any CPU.ActiveCfg = Debug|Any CPU
		{B2BF9193-C319-4FCA-AEC0-62E34E469E60}.Debug|Any CPU.Build.0 = Debug|Any CPU
		{B2BF9193-C319-4FCA-AEC0-62E34E469E60}.Release|Any CPU.ActiveCfg = Release|Any CPU
		{B2BF9193-C319-4FCA-AEC0-62E34E469E60}.Release|Any CPU.Build.0 = Release|Any CPU
	EndGlobalSection
	GlobalSection(SolutionProperties) = preSolution
		HideSolutionNode = FALSE
	EndGlobalSection
	GlobalSection(ExtensibilityGlobals) = postSolution
		SolutionGuid = {449ACAB0-45D2-48B4-A97C-00A459AF192C}
	EndGlobalSection
EndGlobal
